
Microsoft Visual Studio Solution File, Format Version 12.00
# Visual Studio Version 16
VisualStudioVersion = 16.0.30523.141
MinimumVisualStudioVersion = 10.0.40219.1
Project("{FAE04EC0-301F-11D3-BF4B-00C04F79EFBC}") = "UpdateSearchIndex", "UpdateSearchIndex.csproj", "{149235F0-0ADE-4218-A9CE-940C183F6147}"
EndProject
Global
	GlobalSection(SolutionConfigurationPlatforms) = preSolution
		Debug|Any CPU = Debug|Any CPU
		Release|Any CPU = Release|Any CPU
	EndGlobalSection
	GlobalSection(ProjectConfigurationPlatforms) = postSolution
		{149235F0-0ADE-4218-A9CE-940C183F6147}.Debug|Any CPU.ActiveCfg = Debug|Any CPU
		{149235F0-0ADE-4218-A9CE-940C183F6147}.Debug|Any CPU.Build.0 = Debug|Any CPU
		{149235F0-0ADE-4218-A9CE-940C183F6147}.Release|Any CPU.ActiveCfg = Release|Any CPU
		{149235F0-0ADE-4218-A9CE-940C183F6147}.Release|Any CPU.Build.0 = Release|Any CPU
	EndGlobalSection
	GlobalSection(SolutionProperties) = preSolution
		HideSolutionNode = FALSE
	EndGlobalSection
	GlobalSection(ExtensibilityGlobals) = postSolution
		SolutionGuid = {B4BDCD7F-CB6C-4908-83DD-2CA50BAE50D4}
	EndGlobalSection
EndGlobal
